
Microsoft Visual Studio Solution File, Format Version 12.00
# Visual Studio Version 17
VisualStudioVersion = 17.0.31423.177
MinimumVisualStudioVersion = 10.0.40219.1
Project("{FAE04EC0-301F-11D3-BF4B-00C04F79EFBC}") = "SimpleP4VS", "SimpleP4VS.csproj", "{F71848E1-8C6F-4E4E-A6DE-4E88950B2C8C}"
EndProject
Global
	GlobalSection(SolutionConfigurationPlatforms) = preSolution
		Debug|x64 = Debug|x64
		Release|x64 = Release|x64
	EndGlobalSection
	GlobalSection(ProjectConfigurationPlatforms) = postSolution
		{F71848E1-8C6F-4E4E-A6DE-4E88950B2C8C}.Debug|x64.ActiveCfg = Debug|x64
		{F71848E1-8C6F-4E4E-A6DE-4E88950B2C8C}.Debug|x64.Build.0 = Debug|x64
		{F71848E1-8C6F-4E4E-A6DE-4E88950B2C8C}.Release|x64.ActiveCfg = Release|x64
		{F71848E1-8C6F-4E4E-A6DE-4E88950B2C8C}.Release|x64.Build.0 = Release|x64
	EndGlobalSection
	GlobalSection(SolutionProperties) = preSolution
		HideSolutionNode = FALSE
	EndGlobalSection
	GlobalSection(ExtensibilityGlobals) = postSolution
		SolutionGuid = {863A6046-E4A6-426E-9663-9A3332AF392B}
	EndGlobalSection
EndGlobal
